// !$*UTF8*$!
{
	archiveVersion = 1;
	classes = {
	};
	objectVersion = 56;
	objects = {

/* Begin PBXBuildFile section */
		AF7ADFD12BE5C893008E8F1B /* SetPlanViewController.swift in Sources */ = {isa = PBXBuildFile; fileRef = AF7ADFD02BE5C893008E8F1B /* SetPlanViewController.swift */; };
		AF7ADFD32BE5D3D0008E8F1B /* PlanModel.swift in Sources */ = {isa = PBXBuildFile; fileRef = AF7ADFD22BE5D3D0008E8F1B /* PlanModel.swift */; };
		AF7ADFD52BE5D8B4008E8F1B /* PlanDataManager.swift in Sources */ = {isa = PBXBuildFile; fileRef = AF7ADFD42BE5D8B4008E8F1B /* PlanDataManager.swift */; };
		AF9A84432BE479D700436AEC /* AppDelegate.swift in Sources */ = {isa = PBXBuildFile; fileRef = AF9A84422BE479D700436AEC /* AppDelegate.swift */; };
		AF9A84452BE479D700436AEC /* SceneDelegate.swift in Sources */ = {isa = PBXBuildFile; fileRef = AF9A84442BE479D700436AEC /* SceneDelegate.swift */; };
		AF9A84472BE479D700436AEC /* ViewController.swift in Sources */ = {isa = PBXBuildFile; fileRef = AF9A84462BE479D700436AEC /* ViewController.swift */; };
		AF9A844A2BE479D700436AEC /* Main.storyboard in Resources */ = {isa = PBXBuildFile; fileRef = AF9A84482BE479D700436AEC /* Main.storyboard */; };
		AF9A844C2BE479D800436AEC /* Assets.xcassets in Resources */ = {isa = PBXBuildFile; fileRef = AF9A844B2BE479D800436AEC /* Assets.xcassets */; };
		AF9A844F2BE479D800436AEC /* LaunchScreen.storyboard in Resources */ = {isa = PBXBuildFile; fileRef = AF9A844D2BE479D800436AEC /* LaunchScreen.storyboard */; };
		AF9A84572BE47BDC00436AEC /* ProfileCell.swift in Sources */ = {isa = PBXBuildFile; fileRef = AF9A84562BE47BDC00436AEC /* ProfileCell.swift */; };
		AFDFDC812BE9E97600D165FC /* PlanListViewController.swift in Sources */ = {isa = PBXBuildFile; fileRef = AFDFDC802BE9E97600D165FC /* PlanListViewController.swift */; };
		AFDFDC832BE9EB0700D165FC /* PlanListCell.swift in Sources */ = {isa = PBXBuildFile; fileRef = AFDFDC822BE9EB0700D165FC /* PlanListCell.swift */; };
		AFFC2AB22BE47DBA000A2850 /* ProfileModel.swift in Sources */ = {isa = PBXBuildFile; fileRef = AFFC2AB12BE47DBA000A2850 /* ProfileModel.swift */; };
		AFFC2AB42BE47F06000A2850 /* DataManager.swift in Sources */ = {isa = PBXBuildFile; fileRef = AFFC2AB32BE47F06000A2850 /* DataManager.swift */; };
		AFFC2AB62BE482ED000A2850 /* DateViewController.swift in Sources */ = {isa = PBXBuildFile; fileRef = AFFC2AB52BE482ED000A2850 /* DateViewController.swift */; };
		AFFC2AB82BE492AE000A2850 /* ProfileViewController.swift in Sources */ = {isa = PBXBuildFile; fileRef = AFFC2AB72BE492AE000A2850 /* ProfileViewController.swift */; };
		AFFC2ABA2BE4AFCF000A2850 /* CreateViewController.swift in Sources */ = {isa = PBXBuildFile; fileRef = AFFC2AB92BE4AFCF000A2850 /* CreateViewController.swift */; };
/* End PBXBuildFile section */

/* Begin PBXFileReference section */
		AF7ADFD02BE5C893008E8F1B /* SetPlanViewController.swift */ = {isa = PBXFileReference; lastKnownFileType = sourcecode.swift; path = SetPlanViewController.swift; sourceTree = "<group>"; };
		AF7ADFD22BE5D3D0008E8F1B /* PlanModel.swift */ = {isa = PBXFileReference; lastKnownFileType = sourcecode.swift; path = PlanModel.swift; sourceTree = "<group>"; };
		AF7ADFD42BE5D8B4008E8F1B /* PlanDataManager.swift */ = {isa = PBXFileReference; lastKnownFileType = sourcecode.swift; path = PlanDataManager.swift; sourceTree = "<group>"; };
		AF9A843F2BE479D700436AEC /* StudyDiary.app */ = {isa = PBXFileReference; explicitFileType = wrapper.application; includeInIndex = 0; path = StudyDiary.app; sourceTree = BUILT_PRODUCTS_DIR; };
		AF9A84422BE479D700436AEC /* AppDelegate.swift */ = {isa = PBXFileReference; lastKnownFileType = sourcecode.swift; path = AppDelegate.swift; sourceTree = "<group>"; };
		AF9A84442BE479D700436AEC /* SceneDelegate.swift */ = {isa = PBXFileReference; lastKnownFileType = sourcecode.swift; path = SceneDelegate.swift; sourceTree = "<group>"; };
		AF9A84462BE479D700436AEC /* ViewController.swift */ = {isa = PBXFileReference; lastKnownFileType = sourcecode.swift; path = ViewController.swift; sourceTree = "<group>"; };
		AF9A84492BE479D700436AEC /* Base */ = {isa = PBXFileReference; lastKnownFileType = file.storyboard; name = Base; path = Base.lproj/Main.storyboard; sourceTree = "<group>"; };
		AF9A844B2BE479D800436AEC /* Assets.xcassets */ = {isa = PBXFileReference; lastKnownFileType = folder.assetcatalog; path = Assets.xcassets; sourceTree = "<group>"; };
		AF9A844E2BE479D800436AEC /* Base */ = {isa = PBXFileReference; lastKnownFileType = file.storyboard; name = Base; path = Base.lproj/LaunchScreen.storyboard; sourceTree = "<group>"; };
		AF9A84502BE479D800436AEC /* Info.plist */ = {isa = PBXFileReference; lastKnownFileType = text.plist.xml; path = Info.plist; sourceTree = "<group>"; };
		AF9A84562BE47BDC00436AEC /* ProfileCell.swift */ = {isa = PBXFileReference; lastKnownFileType = sourcecode.swift; path = ProfileCell.swift; sourceTree = "<group>"; };
		AFDFDC802BE9E97600D165FC /* PlanListViewController.swift */ = {isa = PBXFileReference; lastKnownFileType = sourcecode.swift; path = PlanListViewController.swift; sourceTree = "<group>"; };
		AFDFDC822BE9EB0700D165FC /* PlanListCell.swift */ = {isa = PBXFileReference; lastKnownFileType = sourcecode.swift; path = PlanListCell.swift; sourceTree = "<group>"; };
		AFFC2AB12BE47DBA000A2850 /* ProfileModel.swift */ = {isa = PBXFileReference; lastKnownFileType = sourcecode.swift; path = ProfileModel.swift; sourceTree = "<group>"; };
		AFFC2AB32BE47F06000A2850 /* DataManager.swift */ = {isa = PBXFileReference; lastKnownFileType = sourcecode.swift; path = DataManager.swift; sourceTree = "<group>"; };
		AFFC2AB52BE482ED000A2850 /* DateViewController.swift */ = {isa = PBXFileReference; lastKnownFileType = sourcecode.swift; path = DateViewController.swift; sourceTree = "<group>"; };
		AFFC2AB72BE492AE000A2850 /* ProfileViewController.swift */ = {isa = PBXFileReference; lastKnownFileType = sourcecode.swift; path = ProfileViewController.swift; sourceTree = "<group>"; };
		AFFC2AB92BE4AFCF000A2850 /* CreateViewController.swift */ = {isa = PBXFileReference; lastKnownFileType = sourcecode.swift; path = CreateViewController.swift; sourceTree = "<group>"; };
/* End PBXFileReference section */

/* Begin PBXFrameworksBuildPhase section */
		AF9A843C2BE479D700436AEC /* Frameworks */ = {
			isa = PBXFrameworksBuildPhase;
			buildActionMask = 2147483647;
			files = (
			);
			runOnlyForDeploymentPostprocessing = 0;
		};
/* End PBXFrameworksBuildPhase section */

/* Begin PBXGroup section */
		AF9A84362BE479D700436AEC = {
			isa = PBXGroup;
			children = (
				AF9A84412BE479D700436AEC /* StudyDiary */,
				AF9A84402BE479D700436AEC /* Products */,
			);
			sourceTree = "<group>";
		};
		AF9A84402BE479D700436AEC /* Products */ = {
			isa = PBXGroup;
			children = (
				AF9A843F2BE479D700436AEC /* StudyDiary.app */,
			);
			name = Products;
			sourceTree = "<group>";
		};
		AF9A84412BE479D700436AEC /* StudyDiary */ = {
			isa = PBXGroup;
			children = (
				AF9A845A2BE47C3B00436AEC /* Views */,
				AF9A84592BE47C3500436AEC /* Controllers */,
				AF9A84582BE47C2B00436AEC /* Models */,
				AF9A84422BE479D700436AEC /* AppDelegate.swift */,
				AF9A84442BE479D700436AEC /* SceneDelegate.swift */,
				AF9A84482BE479D700436AEC /* Main.storyboard */,
				AF9A844B2BE479D800436AEC /* Assets.xcassets */,
				AF9A844D2BE479D800436AEC /* LaunchScreen.storyboard */,
				AF9A84502BE479D800436AEC /* Info.plist */,
			);
			path = StudyDiary;
			sourceTree = "<group>";
		};
		AF9A84582BE47C2B00436AEC /* Models */ = {
			isa = PBXGroup;
			children = (
				AFFC2AB12BE47DBA000A2850 /* ProfileModel.swift */,
				AFFC2AB32BE47F06000A2850 /* DataManager.swift */,
				AF7ADFD22BE5D3D0008E8F1B /* PlanModel.swift */,
				AF7ADFD42BE5D8B4008E8F1B /* PlanDataManager.swift */,
			);
			path = Models;
			sourceTree = "<group>";
		};
		AF9A84592BE47C3500436AEC /* Controllers */ = {
			isa = PBXGroup;
			children = (
				AF9A84462BE479D700436AEC /* ViewController.swift */,
				AFFC2AB52BE482ED000A2850 /* DateViewController.swift */,
				AFFC2AB72BE492AE000A2850 /* ProfileViewController.swift */,
				AFFC2AB92BE4AFCF000A2850 /* CreateViewController.swift */,
				AF7ADFD02BE5C893008E8F1B /* SetPlanViewController.swift */,
				AFDFDC802BE9E97600D165FC /* PlanListViewController.swift */,
			);
			path = Controllers;
			sourceTree = "<group>";
		};
		AF9A845A2BE47C3B00436AEC /* Views */ = {
			isa = PBXGroup;
			children = (
				AF9A84562BE47BDC00436AEC /* ProfileCell.swift */,
				AFDFDC822BE9EB0700D165FC /* PlanListCell.swift */,
			);
			path = Views;
			sourceTree = "<group>";
		};
/* End PBXGroup section */

/* Begin PBXNativeTarget section */
		AF9A843E2BE479D700436AEC /* StudyDiary */ = {
			isa = PBXNativeTarget;
			buildConfigurationList = AF9A84532BE479D800436AEC /* Build configuration list for PBXNativeTarget "StudyDiary" */;
			buildPhases = (
				AF9A843B2BE479D700436AEC /* Sources */,
				AF9A843C2BE479D700436AEC /* Frameworks */,
				AF9A843D2BE479D700436AEC /* Resources */,
			);
			buildRules = (
			);
			dependencies = (
			);
			name = StudyDiary;
			productName = StudyDiary;
			productReference = AF9A843F2BE479D700436AEC /* StudyDiary.app */;
			productType = "com.apple.product-type.application";
		};
/* End PBXNativeTarget section */

/* Begin PBXProject section */
		AF9A84372BE479D700436AEC /* Project object */ = {
			isa = PBXProject;
			attributes = {
				BuildIndependentTargetsInParallel = 1;
				LastSwiftUpdateCheck = 1500;
				LastUpgradeCheck = 1500;
				TargetAttributes = {
					AF9A843E2BE479D700436AEC = {
						CreatedOnToolsVersion = 15.0.1;
					};
				};
			};
			buildConfigurationList = AF9A843A2BE479D700436AEC /* Build configuration list for PBXProject "StudyDiary" */;
			compatibilityVersion = "Xcode 14.0";
			developmentRegion = en;
			hasScannedForEncodings = 0;
			knownRegions = (
				en,
				Base,
			);
			mainGroup = AF9A84362BE479D700436AEC;
			productRefGroup = AF9A84402BE479D700436AEC /* Products */;
			projectDirPath = "";
			projectRoot = "";
			targets = (
				AF9A843E2BE479D700436AEC /* StudyDiary */,
			);
		};
/* End PBXProject section */

/* Begin PBXResourcesBuildPhase section */
		AF9A843D2BE479D700436AEC /* Resources */ = {
			isa = PBXResourcesBuildPhase;
			buildActionMask = 2147483647;
			files = (
				AF9A844F2BE479D800436AEC /* LaunchScreen.storyboard in Resources */,
				AF9A844C2BE479D800436AEC /* Assets.xcassets in Resources */,
				AF9A844A2BE479D700436AEC /* Main.storyboard in Resources */,
			);
			runOnlyForDeploymentPostprocessing = 0;
		};
/* End PBXResourcesBuildPhase section */

/* Begin PBXSourcesBuildPhase section */
		AF9A843B2BE479D700436AEC /* Sources */ = {
			isa = PBXSourcesBuildPhase;
			buildActionMask = 2147483647;
			files = (
				AFFC2AB22BE47DBA000A2850 /* ProfileModel.swift in Sources */,
				AFFC2AB42BE47F06000A2850 /* DataManager.swift in Sources */,
				AFDFDC832BE9EB0700D165FC /* PlanListCell.swift in Sources */,
				AF7ADFD12BE5C893008E8F1B /* SetPlanViewController.swift in Sources */,
				AFFC2ABA2BE4AFCF000A2850 /* CreateViewController.swift in Sources */,
				AF7ADFD52BE5D8B4008E8F1B /* PlanDataManager.swift in Sources */,
				AFFC2AB62BE482ED000A2850 /* DateViewController.swift in Sources */,
				AF9A84472BE479D700436AEC /* ViewController.swift in Sources */,
				AF9A84572BE47BDC00436AEC /* ProfileCell.swift in Sources */,
				AF9A84432BE479D700436AEC /* AppDelegate.swift in Sources */,
				AFFC2AB82BE492AE000A2850 /* ProfileViewController.swift in Sources */,
				AFDFDC812BE9E97600D165FC /* PlanListViewController.swift in Sources */,
				AF7ADFD32BE5D3D0008E8F1B /* PlanModel.swift in Sources */,
				AF9A84452BE479D700436AEC /* SceneDelegate.swift in Sources */,
			);
			runOnlyForDeploymentPostprocessing = 0;
		};
/* End PBXSourcesBuildPhase section */

/* Begin PBXVariantGroup section */
		AF9A84482BE479D700436AEC /* Main.storyboard */ = {
			isa = PBXVariantGroup;
			children = (
				AF9A84492BE479D700436AEC /* Base */,
			);
			name = Main.storyboard;
			sourceTree = "<group>";
		};
		AF9A844D2BE479D800436AEC /* LaunchScreen.storyboard */ = {
			isa = PBXVariantGroup;
			children = (
				AF9A844E2BE479D800436AEC /* Base */,
			);
			name = LaunchScreen.storyboard;
			sourceTree = "<group>";
		};
/* End PBXVariantGroup section */

/* Begin XCBuildConfiguration section */
		AF9A84512BE479D800436AEC /* Debug */ = {
			isa = XCBuildConfiguration;
			buildSettings = {
				ALWAYS_SEARCH_USER_PATHS = NO;
				ASSETCATALOG_COMPILER_GENERATE_SWIFT_ASSET_SYMBOL_EXTENSIONS = YES;
				CLANG_ANALYZER_NONNULL = YES;
				CLANG_ANALYZER_NUMBER_OBJECT_CONVERSION = YES_AGGRESSIVE;
				CLANG_CXX_LANGUAGE_STANDARD = "gnu++20";
				CLANG_ENABLE_MODULES = YES;
				CLANG_ENABLE_OBJC_ARC = YES;
				CLANG_ENABLE_OBJC_WEAK = YES;
				CLANG_WARN_BLOCK_CAPTURE_AUTORELEASING = YES;
				CLANG_WARN_BOOL_CONVERSION = YES;
				CLANG_WARN_COMMA = YES;
				CLANG_WARN_CONSTANT_CONVERSION = YES;
				CLANG_WARN_DEPRECATED_OBJC_IMPLEMENTATIONS = YES;
				CLANG_WARN_DIRECT_OBJC_ISA_USAGE = YES_ERROR;
				CLANG_WARN_DOCUMENTATION_COMMENTS = YES;
				CLANG_WARN_EMPTY_BODY = YES;
				CLANG_WARN_ENUM_CONVERSION = YES;
				CLANG_WARN_INFINITE_RECURSION = YES;
				CLANG_WARN_INT_CONVERSION = YES;
				CLANG_WARN_NON_LITERAL_NULL_CONVERSION = YES;
				CLANG_WARN_OBJC_IMPLICIT_RETAIN_SELF = YES;
				CLANG_WARN_OBJC_LITERAL_CONVERSION = YES;
				CLANG_WARN_OBJC_ROOT_CLASS = YES_ERROR;
				CLANG_WARN_QUOTED_INCLUDE_IN_FRAMEWORK_HEADER = YES;
				CLANG_WARN_RANGE_LOOP_ANALYSIS = YES;
				CLANG_WARN_STRICT_PROTOTYPES = YES;
				CLANG_WARN_SUSPICIOUS_MOVE = YES;
				CLANG_WARN_UNGUARDED_AVAILABILITY = YES_AGGRESSIVE;
				CLANG_WARN_UNREACHABLE_CODE = YES;
				CLANG_WARN__DUPLICATE_METHOD_MATCH = YES;
				COPY_PHASE_STRIP = NO;
				DEBUG_INFORMATION_FORMAT = dwarf;
				ENABLE_STRICT_OBJC_MSGSEND = YES;
				ENABLE_TESTABILITY = YES;
				ENABLE_USER_SCRIPT_SANDBOXING = YES;
				GCC_C_LANGUAGE_STANDARD = gnu17;
				GCC_DYNAMIC_NO_PIC = NO;
				GCC_NO_COMMON_BLOCKS = YES;
				GCC_OPTIMIZATION_LEVEL = 0;
				GCC_PREPROCESSOR_DEFINITIONS = (
					"DEBUG=1",
					"$(inherited)",
				);
				GCC_WARN_64_TO_32_BIT_CONVERSION = YES;
				GCC_WARN_ABOUT_RETURN_TYPE = YES_ERROR;
				GCC_WARN_UNDECLARED_SELECTOR = YES;
				GCC_WARN_UNINITIALIZED_AUTOS = YES_AGGRESSIVE;
				GCC_WARN_UNUSED_FUNCTION = YES;
				GCC_WARN_UNUSED_VARIABLE = YES;
				IPHONEOS_DEPLOYMENT_TARGET = 17.0;
				LOCALIZATION_PREFERS_STRING_CATALOGS = YES;
				MTL_ENABLE_DEBUG_INFO = INCLUDE_SOURCE;
				MTL_FAST_MATH = YES;
				ONLY_ACTIVE_ARCH = YES;
				SDKROOT = iphoneos;
				SWIFT_ACTIVE_COMPILATION_CONDITIONS = "DEBUG $(inherited)";
				SWIFT_OPTIMIZATION_LEVEL = "-Onone";
			};
			name = Debug;
		};
		AF9A84522BE479D800436AEC /* Release */ = {
			isa = XCBuildConfiguration;
			buildSettings = {
				ALWAYS_SEARCH_USER_PATHS = NO;
				ASSETCATALOG_COMPILER_GENERATE_SWIFT_ASSET_SYMBOL_EXTENSIONS = YES;
				CLANG_ANALYZER_NONNULL = YES;
				CLANG_ANALYZER_NUMBER_OBJECT_CONVERSION = YES_AGGRESSIVE;
				CLANG_CXX_LANGUAGE_STANDARD = "gnu++20";
				CLANG_ENABLE_MODULES = YES;
				CLANG_ENABLE_OBJC_ARC = YES;
				CLANG_ENABLE_OBJC_WEAK = YES;
				CLANG_WARN_BLOCK_CAPTURE_AUTORELEASING = YES;
				CLANG_WARN_BOOL_CONVERSION = YES;
				CLANG_WARN_COMMA = YES;
				CLANG_WARN_CONSTANT_CONVERSION = YES;
				CLANG_WARN_DEPRECATED_OBJC_IMPLEMENTATIONS = YES;
				CLANG_WARN_DIRECT_OBJC_ISA_USAGE = YES_ERROR;
				CLANG_WARN_DOCUMENTATION_COMMENTS = YES;
				CLANG_WARN_EMPTY_BODY = YES;
				CLANG_WARN_ENUM_CONVERSION = YES;
				CLANG_WARN_INFINITE_RECURSION = YES;
				CLANG_WARN_INT_CONVERSION = YES;
				CLANG_WARN_NON_LITERAL_NULL_CONVERSION = YES;
				CLANG_WARN_OBJC_IMPLICIT_RETAIN_SELF = YES;
				CLANG_WARN_OBJC_LITERAL_CONVERSION = YES;
				CLANG_WARN_OBJC_ROOT_CLASS = YES_ERROR;
				CLANG_WARN_QUOTED_INCLUDE_IN_FRAMEWORK_HEADER = YES;
				CLANG_WARN_RANGE_LOOP_ANALYSIS = YES;
				CLANG_WARN_STRICT_PROTOTYPES = YES;
				CLANG_WARN_SUSPICIOUS_MOVE = YES;
				CLANG_WARN_UNGUARDED_AVAILABILITY = YES_AGGRESSIVE;
				CLANG_WARN_UNREACHABLE_CODE = YES;
				CLANG_WARN__DUPLICATE_METHOD_MATCH = YES;
				COPY_PHASE_STRIP = NO;
				DEBUG_INFORMATION_FORMAT = "dwarf-with-dsym";
				ENABLE_NS_ASSERTIONS = NO;
				ENABLE_STRICT_OBJC_MSGSEND = YES;
				ENABLE_USER_SCRIPT_SANDBOXING = YES;
				GCC_C_LANGUAGE_STANDARD = gnu17;
				GCC_NO_COMMON_BLOCKS = YES;
				GCC_WARN_64_TO_32_BIT_CONVERSION = YES;
				GCC_WARN_ABOUT_RETURN_TYPE = YES_ERROR;
				GCC_WARN_UNDECLARED_SELECTOR = YES;
				GCC_WARN_UNINITIALIZED_AUTOS = YES_AGGRESSIVE;
				GCC_WARN_UNUSED_FUNCTION = YES;
				GCC_WARN_UNUSED_VARIABLE = YES;
				IPHONEOS_DEPLOYMENT_TARGET = 17.0;
				LOCALIZATION_PREFERS_STRING_CATALOGS = YES;
				MTL_ENABLE_DEBUG_INFO = NO;
				MTL_FAST_MATH = YES;
				SDKROOT = iphoneos;
				SWIFT_COMPILATION_MODE = wholemodule;
				VALIDATE_PRODUCT = YES;
			};
			name = Release;
		};
		AF9A84542BE479D800436AEC /* Debug */ = {
			isa = XCBuildConfiguration;
			buildSettings = {
				ASSETCATALOG_COMPILER_APPICON_NAME = AppIcon;
				ASSETCATALOG_COMPILER_GLOBAL_ACCENT_COLOR_NAME = AccentColor;
				CODE_SIGN_STYLE = Automatic;
				CURRENT_PROJECT_VERSION = 1;
				GENERATE_INFOPLIST_FILE = YES;
				INFOPLIST_FILE = StudyDiary/Info.plist;
				INFOPLIST_KEY_UIApplicationSupportsIndirectInputEvents = YES;
				INFOPLIST_KEY_UILaunchStoryboardName = LaunchScreen;
				INFOPLIST_KEY_UIMainStoryboardFile = Main;
				INFOPLIST_KEY_UISupportedInterfaceOrientations_iPad = "UIInterfaceOrientationPortrait UIInterfaceOrientationPortraitUpsideDown UIInterfaceOrientationLandscapeLeft UIInterfaceOrientationLandscapeRight";
				INFOPLIST_KEY_UISupportedInterfaceOrientations_iPhone = "UIInterfaceOrientationPortrait UIInterfaceOrientationLandscapeLeft UIInterfaceOrientationLandscapeRight";
				LD_RUNPATH_SEARCH_PATHS = (
					"$(inherited)",
					"@executable_path/Frameworks",
				);
				MARKETING_VERSION = 1.0;
				PRODUCT_BUNDLE_IDENTIFIER = dahyun.StudyDiary;
				PRODUCT_NAME = "$(TARGET_NAME)";
				SWIFT_EMIT_LOC_STRINGS = YES;
				SWIFT_VERSION = 5.0;
				TARGETED_DEVICE_FAMILY = "1,2";
			};
			name = Debug;
		};
		AF9A84552BE479D800436AEC /* Release */ = {
			isa = XCBuildConfiguration;
			buildSettings = {
				ASSETCATALOG_COMPILER_APPICON_NAME = AppIcon;
				ASSETCATALOG_COMPILER_GLOBAL_ACCENT_COLOR_NAME = AccentColor;
				CODE_SIGN_STYLE = Automatic;
				CURRENT_PROJECT_VERSION = 1;
				GENERATE_INFOPLIST_FILE = YES;
				INFOPLIST_FILE = StudyDiary/Info.plist;
				INFOPLIST_KEY_UIApplicationSupportsIndirectInputEvents = YES;
				INFOPLIST_KEY_UILaunchStoryboardName = LaunchScreen;
				INFOPLIST_KEY_UIMainStoryboardFile = Main;
				INFOPLIST_KEY_UISupportedInterfaceOrientations_iPad = "UIInterfaceOrientationPortrait UIInterfaceOrientationPortraitUpsideDown UIInterfaceOrientationLandscapeLeft UIInterfaceOrientationLandscapeRight";
				INFOPLIST_KEY_UISupportedInterfaceOrientations_iPhone = "UIInterfaceOrientationPortrait UIInterfaceOrientationLandscapeLeft UIInterfaceOrientationLandscapeRight";
				LD_RUNPATH_SEARCH_PATHS = (
					"$(inherited)",
					"@executable_path/Frameworks",
				);
				MARKETING_VERSION = 1.0;
				PRODUCT_BUNDLE_IDENTIFIER = dahyun.StudyDiary;
				PRODUCT_NAME = "$(TARGET_NAME)";
				SWIFT_EMIT_LOC_STRINGS = YES;
				SWIFT_VERSION = 5.0;
				TARGETED_DEVICE_FAMILY = "1,2";
			};
			name = Release;
		};
/* End XCBuildConfiguration section */

/* Begin XCConfigurationList section */
		AF9A843A2BE479D700436AEC /* Build configuration list for PBXProject "StudyDiary" */ = {
			isa = XCConfigurationList;
			buildConfigurations = (
				AF9A84512BE479D800436AEC /* Debug */,
				AF9A84522BE479D800436AEC /* Release */,
			);
			defaultConfigurationIsVisible = 0;
			defaultConfigurationName = Release;
		};
		AF9A84532BE479D800436AEC /* Build configuration list for PBXNativeTarget "StudyDiary" */ = {
			isa = XCConfigurationList;
			buildConfigurations = (
				AF9A84542BE479D800436AEC /* Debug */,
				AF9A84552BE479D800436AEC /* Release */,
			);
			defaultConfigurationIsVisible = 0;
			defaultConfigurationName = Release;
		};
/* End XCConfigurationList section */
	};
	rootObject = AF9A84372BE479D700436AEC /* Project object */;
}
